
Microsoft Visual Studio Solution File, Format Version 12.00
# Visual Studio Version 16
VisualStudioVersion = 16.0.31105.61
MinimumVisualStudioVersion = 10.0.40219.1
Project("{FAE04EC0-301F-11D3-BF4B-00C04F79EFBC}") = "DanhosMessages", "DanhosMessages\DanhosMessages.csproj", "{61F09F39-63D8-47F2-8A13-DC43EF09B3BF}"
EndProject
Project("{FAE04EC0-301F-11D3-BF4B-00C04F79EFBC}") = "DanhoComponents", "DanhoComponents\DanhoComponents.csproj", "{18E41779-5464-438B-AFAF-CB73ADC0A72F}"
EndProject
Global
	GlobalSection(SolutionConfigurationPlatforms) = preSolution
		Debug|Any CPU = Debug|Any CPU
		Release|Any CPU = Release|Any CPU
	EndGlobalSection
	GlobalSection(ProjectConfigurationPlatforms) = postSolution
		{61F09F39-63D8-47F2-8A13-DC43EF09B3BF}.Debug|Any CPU.ActiveCfg = Debug|Any CPU
		{61F09F39-63D8-47F2-8A13-DC43EF09B3BF}.Debug|Any CPU.Build.0 = Debug|Any CPU
		{61F09F39-63D8-47F2-8A13-DC43EF09B3BF}.Release|Any CPU.ActiveCfg = Release|Any CPU
		{61F09F39-63D8-47F2-8A13-DC43EF09B3BF}.Release|Any CPU.Build.0 = Release|Any CPU
		{18E41779-5464-438B-AFAF-CB73ADC0A72F}.Debug|Any CPU.ActiveCfg = Debug|Any CPU
		{18E41779-5464-438B-AFAF-CB73ADC0A72F}.Debug|Any CPU.Build.0 = Debug|Any CPU
		{18E41779-5464-438B-AFAF-CB73ADC0A72F}.Release|Any CPU.ActiveCfg = Release|Any CPU
		{18E41779-5464-438B-AFAF-CB73ADC0A72F}.Release|Any CPU.Build.0 = Release|Any CPU
	EndGlobalSection
	GlobalSection(SolutionProperties) = preSolution
		HideSolutionNode = FALSE
	EndGlobalSection
	GlobalSection(ExtensibilityGlobals) = postSolution
		SolutionGuid = {E177681D-A790-4767-A67A-26C79ED39A71}
	EndGlobalSection
EndGlobal
