
Microsoft Visual Studio Solution File, Format Version 12.00
# Visual Studio Version 16
VisualStudioVersion = 16.0.31112.23
MinimumVisualStudioVersion = 10.0.40219.1
Project("{FAE04EC0-301F-11D3-BF4B-00C04F79EFBC}") = "EntityFrameworkFun", "EntityFrameworkFun\EntityFrameworkFun.csproj", "{7094B103-6D1F-43E3-96F5-1CD8A196F54A}"
EndProject
Global
	GlobalSection(SolutionConfigurationPlatforms) = preSolution
		Debug|Any CPU = Debug|Any CPU
		Release|Any CPU = Release|Any CPU
	EndGlobalSection
	GlobalSection(ProjectConfigurationPlatforms) = postSolution
		{7094B103-6D1F-43E3-96F5-1CD8A196F54A}.Debug|Any CPU.ActiveCfg = Debug|Any CPU
		{7094B103-6D1F-43E3-96F5-1CD8A196F54A}.Debug|Any CPU.Build.0 = Debug|Any CPU
		{7094B103-6D1F-43E3-96F5-1CD8A196F54A}.Release|Any CPU.ActiveCfg = Release|Any CPU
		{7094B103-6D1F-43E3-96F5-1CD8A196F54A}.Release|Any CPU.Build.0 = Release|Any CPU
	EndGlobalSection
	GlobalSection(SolutionProperties) = preSolution
		HideSolutionNode = FALSE
	EndGlobalSection
	GlobalSection(ExtensibilityGlobals) = postSolution
		SolutionGuid = {5E633CBC-8EEC-4C14-9DB2-3F28D3A142EF}
	EndGlobalSection
EndGlobal
