
Microsoft Visual Studio Solution File, Format Version 12.00
# Visual Studio Version 16
VisualStudioVersion = 16.0.29728.190
MinimumVisualStudioVersion = 10.0.40219.1
Project("{FAE04EC0-301F-11D3-BF4B-00C04F79EFBC}") = "Guess a Number and Reaction time", "Guess a Number and Reaction time\Guess a Number and Reaction time.csproj", "{A1B1326A-9F78-46D8-BCF1-F1C0ED33A606}"
EndProject
Global
	GlobalSection(SolutionConfigurationPlatforms) = preSolution
		Debug|Any CPU = Debug|Any CPU
		Release|Any CPU = Release|Any CPU
	EndGlobalSection
	GlobalSection(ProjectConfigurationPlatforms) = postSolution
		{A1B1326A-9F78-46D8-BCF1-F1C0ED33A606}.Debug|Any CPU.ActiveCfg = Debug|Any CPU
		{A1B1326A-9F78-46D8-BCF1-F1C0ED33A606}.Debug|Any CPU.Build.0 = Debug|Any CPU
		{A1B1326A-9F78-46D8-BCF1-F1C0ED33A606}.Release|Any CPU.ActiveCfg = Release|Any CPU
		{A1B1326A-9F78-46D8-BCF1-F1C0ED33A606}.Release|Any CPU.Build.0 = Release|Any CPU
	EndGlobalSection
	GlobalSection(SolutionProperties) = preSolution
		HideSolutionNode = FALSE
	EndGlobalSection
	GlobalSection(ExtensibilityGlobals) = postSolution
		SolutionGuid = {1D44EA35-796F-4D05-85C0-7A0EE7AC0C38}
	EndGlobalSection
EndGlobal
