
Microsoft Visual Studio Solution File, Format Version 12.00
# Visual Studio Version 16
VisualStudioVersion = 16.0.29609.76
MinimumVisualStudioVersion = 10.0.40219.1
Project("{9A19103F-16F7-4668-BE54-9A1E7A4F7556}") = "Rap Finands", "Rap Finands.csproj", "{B6403D9F-F9D1-4DDE-975C-205A13D94DA4}"
EndProject
Global
	GlobalSection(SolutionConfigurationPlatforms) = preSolution
		Debug|Any CPU = Debug|Any CPU
		Release|Any CPU = Release|Any CPU
	EndGlobalSection
	GlobalSection(ProjectConfigurationPlatforms) = postSolution
		{B6403D9F-F9D1-4DDE-975C-205A13D94DA4}.Debug|Any CPU.ActiveCfg = Debug|Any CPU
		{B6403D9F-F9D1-4DDE-975C-205A13D94DA4}.Debug|Any CPU.Build.0 = Debug|Any CPU
		{B6403D9F-F9D1-4DDE-975C-205A13D94DA4}.Release|Any CPU.ActiveCfg = Release|Any CPU
		{B6403D9F-F9D1-4DDE-975C-205A13D94DA4}.Release|Any CPU.Build.0 = Release|Any CPU
	EndGlobalSection
	GlobalSection(SolutionProperties) = preSolution
		HideSolutionNode = FALSE
	EndGlobalSection
	GlobalSection(ExtensibilityGlobals) = postSolution
		SolutionGuid = {F3F43EFA-E694-4123-8BFD-0CE6B2E88B55}
	EndGlobalSection
EndGlobal
