
Microsoft Visual Studio Solution File, Format Version 12.00
# Visual Studio Version 16
VisualStudioVersion = 16.0.29728.190
MinimumVisualStudioVersion = 10.0.40219.1
Project("{FAE04EC0-301F-11D3-BF4B-00C04F79EFBC}") = "FolderDetails", "FolderDetails\FolderDetails.csproj", "{62AE875F-8740-4DD6-BA14-AA87895205EA}"
EndProject
Global
	GlobalSection(SolutionConfigurationPlatforms) = preSolution
		Debug|Any CPU = Debug|Any CPU
		Release|Any CPU = Release|Any CPU
	EndGlobalSection
	GlobalSection(ProjectConfigurationPlatforms) = postSolution
		{62AE875F-8740-4DD6-BA14-AA87895205EA}.Debug|Any CPU.ActiveCfg = Debug|Any CPU
		{62AE875F-8740-4DD6-BA14-AA87895205EA}.Debug|Any CPU.Build.0 = Debug|Any CPU
		{62AE875F-8740-4DD6-BA14-AA87895205EA}.Release|Any CPU.ActiveCfg = Release|Any CPU
		{62AE875F-8740-4DD6-BA14-AA87895205EA}.Release|Any CPU.Build.0 = Release|Any CPU
	EndGlobalSection
	GlobalSection(SolutionProperties) = preSolution
		HideSolutionNode = FALSE
	EndGlobalSection
	GlobalSection(ExtensibilityGlobals) = postSolution
		SolutionGuid = {2279D13E-4BE3-4E39-828F-B96A67C7B3BB}
	EndGlobalSection
EndGlobal
