
Microsoft Visual Studio Solution File, Format Version 12.00
# Visual Studio Version 16
VisualStudioVersion = 16.0.31112.23
MinimumVisualStudioVersion = 10.0.40219.1
Project("{9A19103F-16F7-4668-BE54-9A1E7A4F7556}") = "NGC_Components", "NGC_Components\NGC_Components.csproj", "{299BB0CF-F235-4C60-BB74-E75CC07C16FC}"
EndProject
Project("{9A19103F-16F7-4668-BE54-9A1E7A4F7556}") = "NGC_API", "NGC_API\NGC_API.csproj", "{E5123193-E528-4367-A17C-EA22736CCD09}"
EndProject
Project("{9A19103F-16F7-4668-BE54-9A1E7A4F7556}") = "NGC_Razor", "NGC_Razor\NGC_Razor.csproj", "{2A001C9E-AD8C-41CB-98AC-8497CAFD436E}"
EndProject
Project("{9A19103F-16F7-4668-BE54-9A1E7A4F7556}") = "NGC_MVC", "NGC_MVC\NGC_MVC.csproj", "{433EBB73-4C9C-455E-AE94-929D78201C27}"
EndProject
Project("{2150E333-8FDC-42A3-9474-1A3956D46DE8}") = "Websites", "Websites", "{86AD62E7-5F77-4FB3-B415-61BF23B4CB9C}"
EndProject
Global
	GlobalSection(SolutionConfigurationPlatforms) = preSolution
		Debug|Any CPU = Debug|Any CPU
		Release|Any CPU = Release|Any CPU
	EndGlobalSection
	GlobalSection(ProjectConfigurationPlatforms) = postSolution
		{299BB0CF-F235-4C60-BB74-E75CC07C16FC}.Debug|Any CPU.ActiveCfg = Debug|Any CPU
		{299BB0CF-F235-4C60-BB74-E75CC07C16FC}.Debug|Any CPU.Build.0 = Debug|Any CPU
		{299BB0CF-F235-4C60-BB74-E75CC07C16FC}.Release|Any CPU.ActiveCfg = Release|Any CPU
		{299BB0CF-F235-4C60-BB74-E75CC07C16FC}.Release|Any CPU.Build.0 = Release|Any CPU
		{E5123193-E528-4367-A17C-EA22736CCD09}.Debug|Any CPU.ActiveCfg = Debug|Any CPU
		{E5123193-E528-4367-A17C-EA22736CCD09}.Debug|Any CPU.Build.0 = Debug|Any CPU
		{E5123193-E528-4367-A17C-EA22736CCD09}.Release|Any CPU.ActiveCfg = Release|Any CPU
		{E5123193-E528-4367-A17C-EA22736CCD09}.Release|Any CPU.Build.0 = Release|Any CPU
		{2A001C9E-AD8C-41CB-98AC-8497CAFD436E}.Debug|Any CPU.ActiveCfg = Debug|Any CPU
		{2A001C9E-AD8C-41CB-98AC-8497CAFD436E}.Debug|Any CPU.Build.0 = Debug|Any CPU
		{2A001C9E-AD8C-41CB-98AC-8497CAFD436E}.Release|Any CPU.ActiveCfg = Release|Any CPU
		{2A001C9E-AD8C-41CB-98AC-8497CAFD436E}.Release|Any CPU.Build.0 = Release|Any CPU
		{433EBB73-4C9C-455E-AE94-929D78201C27}.Debug|Any CPU.ActiveCfg = Debug|Any CPU
		{433EBB73-4C9C-455E-AE94-929D78201C27}.Debug|Any CPU.Build.0 = Debug|Any CPU
		{433EBB73-4C9C-455E-AE94-929D78201C27}.Release|Any CPU.ActiveCfg = Release|Any CPU
		{433EBB73-4C9C-455E-AE94-929D78201C27}.Release|Any CPU.Build.0 = Release|Any CPU
	EndGlobalSection
	GlobalSection(SolutionProperties) = preSolution
		HideSolutionNode = FALSE
	EndGlobalSection
	GlobalSection(NestedProjects) = preSolution
		{2A001C9E-AD8C-41CB-98AC-8497CAFD436E} = {86AD62E7-5F77-4FB3-B415-61BF23B4CB9C}
		{433EBB73-4C9C-455E-AE94-929D78201C27} = {86AD62E7-5F77-4FB3-B415-61BF23B4CB9C}
	EndGlobalSection
	GlobalSection(ExtensibilityGlobals) = postSolution
		SolutionGuid = {65BCD0BD-69E1-419D-A1FA-47F44CE60A63}
	EndGlobalSection
EndGlobal
