
Microsoft Visual Studio Solution File, Format Version 12.00
# Visual Studio Version 16
VisualStudioVersion = 16.0.29609.76
MinimumVisualStudioVersion = 10.0.40219.1
Project("{FAE04EC0-301F-11D3-BF4B-00C04F79EFBC}") = "Distance", "Distance\Distance.csproj", "{BEB5ACF2-DDE1-432D-A662-2D9713FF021B}"
EndProject
Global
	GlobalSection(SolutionConfigurationPlatforms) = preSolution
		Debug|Any CPU = Debug|Any CPU
		Release|Any CPU = Release|Any CPU
	EndGlobalSection
	GlobalSection(ProjectConfigurationPlatforms) = postSolution
		{BEB5ACF2-DDE1-432D-A662-2D9713FF021B}.Debug|Any CPU.ActiveCfg = Debug|Any CPU
		{BEB5ACF2-DDE1-432D-A662-2D9713FF021B}.Debug|Any CPU.Build.0 = Debug|Any CPU
		{BEB5ACF2-DDE1-432D-A662-2D9713FF021B}.Release|Any CPU.ActiveCfg = Release|Any CPU
		{BEB5ACF2-DDE1-432D-A662-2D9713FF021B}.Release|Any CPU.Build.0 = Release|Any CPU
	EndGlobalSection
	GlobalSection(SolutionProperties) = preSolution
		HideSolutionNode = FALSE
	EndGlobalSection
	GlobalSection(ExtensibilityGlobals) = postSolution
		SolutionGuid = {CF09310B-5815-41E3-AE9F-249BD01B6C2C}
	EndGlobalSection
EndGlobal
