
Microsoft Visual Studio Solution File, Format Version 12.00
# Visual Studio Version 16
VisualStudioVersion = 16.0.30503.244
MinimumVisualStudioVersion = 10.0.40219.1
Project("{FAE04EC0-301F-11D3-BF4B-00C04F79EFBC}") = "LabelSlider", "Databinding\LabelSlider.csproj", "{0CB9BDDE-C42C-48A6-B1A0-3E8D994B2E61}"
EndProject
Project("{FAE04EC0-301F-11D3-BF4B-00C04F79EFBC}") = "TwoWayTest", "TwoWayTest\TwoWayTest.csproj", "{0B444206-04AD-4D53-9BC2-F42A644FCC87}"
EndProject
Global
	GlobalSection(SolutionConfigurationPlatforms) = preSolution
		Debug|Any CPU = Debug|Any CPU
		Release|Any CPU = Release|Any CPU
	EndGlobalSection
	GlobalSection(ProjectConfigurationPlatforms) = postSolution
		{0CB9BDDE-C42C-48A6-B1A0-3E8D994B2E61}.Debug|Any CPU.ActiveCfg = Debug|Any CPU
		{0CB9BDDE-C42C-48A6-B1A0-3E8D994B2E61}.Debug|Any CPU.Build.0 = Debug|Any CPU
		{0CB9BDDE-C42C-48A6-B1A0-3E8D994B2E61}.Release|Any CPU.ActiveCfg = Release|Any CPU
		{0CB9BDDE-C42C-48A6-B1A0-3E8D994B2E61}.Release|Any CPU.Build.0 = Release|Any CPU
		{0B444206-04AD-4D53-9BC2-F42A644FCC87}.Debug|Any CPU.ActiveCfg = Debug|Any CPU
		{0B444206-04AD-4D53-9BC2-F42A644FCC87}.Debug|Any CPU.Build.0 = Debug|Any CPU
		{0B444206-04AD-4D53-9BC2-F42A644FCC87}.Release|Any CPU.ActiveCfg = Release|Any CPU
		{0B444206-04AD-4D53-9BC2-F42A644FCC87}.Release|Any CPU.Build.0 = Release|Any CPU
	EndGlobalSection
	GlobalSection(SolutionProperties) = preSolution
		HideSolutionNode = FALSE
	EndGlobalSection
	GlobalSection(ExtensibilityGlobals) = postSolution
		SolutionGuid = {A17391C7-CD5F-4BB7-8FD1-DB63062164E8}
	EndGlobalSection
EndGlobal
