
Microsoft Visual Studio Solution File, Format Version 12.00
# Visual Studio Version 16
VisualStudioVersion = 16.0.29728.190
MinimumVisualStudioVersion = 10.0.40219.1
Project("{FAE04EC0-301F-11D3-BF4B-00C04F79EFBC}") = "WebRefresh", "WebRefresh\WebRefresh.csproj", "{A1567BC8-D872-4399-A715-CD1FB019BB82}"
EndProject
Global
	GlobalSection(SolutionConfigurationPlatforms) = preSolution
		Debug|Any CPU = Debug|Any CPU
		Release|Any CPU = Release|Any CPU
	EndGlobalSection
	GlobalSection(ProjectConfigurationPlatforms) = postSolution
		{A1567BC8-D872-4399-A715-CD1FB019BB82}.Debug|Any CPU.ActiveCfg = Debug|Any CPU
		{A1567BC8-D872-4399-A715-CD1FB019BB82}.Debug|Any CPU.Build.0 = Debug|Any CPU
		{A1567BC8-D872-4399-A715-CD1FB019BB82}.Release|Any CPU.ActiveCfg = Release|Any CPU
		{A1567BC8-D872-4399-A715-CD1FB019BB82}.Release|Any CPU.Build.0 = Release|Any CPU
	EndGlobalSection
	GlobalSection(SolutionProperties) = preSolution
		HideSolutionNode = FALSE
	EndGlobalSection
	GlobalSection(ExtensibilityGlobals) = postSolution
		SolutionGuid = {6051FD46-F2E1-4354-B175-814501EE1EC8}
	EndGlobalSection
EndGlobal
